// !$*UTF8*$!
{
	archiveVersion = 1;
	classes = {
	};
	objectVersion = 77;
	objects = {

/* Begin PBXBuildFile section */
		8C52D4C02CC8C0A300AA558C /* README.md in Resources */ = {isa = PBXBuildFile; fileRef = 8C52D4BF2CC8C0A300AA558C /* README.md */; };
		8CE07B272D8E6809002950DC /* AppSettings.swift in Sources */ = {isa = PBXBuildFile; fileRef = 8CE07AF32D8E6809002950DC /* AppSettings.swift */; };
		8CE07B282D8E6809002950DC /* Bundle+Decodable.swift in Sources */ = {isa = PBXBuildFile; fileRef = 8CE07AF42D8E6809002950DC /* Bundle+Decodable.swift */; };
		8CE07B292D8E6809002950DC /* Units.swift in Sources */ = {isa = PBXBuildFile; fileRef = 8CE07AF52D8E6809002950DC /* Units.swift */; };
		8CE07B2A2D8E6809002950DC /* URL+Ext.swift in Sources */ = {isa = PBXBuildFile; fileRef = 8CE07AF62D8E6809002950DC /* URL+Ext.swift */; };
		8CE07B2B2D8E6809002950DC /* WeatherApiComDataSource.swift in Sources */ = {isa = PBXBuildFile; fileRef = 8CE07AF82D8E6809002950DC /* WeatherApiComDataSource.swift */; };
		8CE07B2C2D8E6809002950DC /* ApiErrorType.swift in Sources */ = {isa = PBXBuildFile; fileRef = 8CE07AFB2D8E6809002950DC /* ApiErrorType.swift */; };
		8CE07B2D2D8E6809002950DC /* ApiModel.swift in Sources */ = {isa = PBXBuildFile; fileRef = 8CE07AFC2D8E6809002950DC /* ApiModel.swift */; };
		8CE07B2E2D8E6809002950DC /* HistoryItemModel.swift in Sources */ = {isa = PBXBuildFile; fileRef = 8CE07AFD2D8E6809002950DC /* HistoryItemModel.swift */; };
		8CE07B2F2D8E6809002950DC /* WeatherApiModel.swift in Sources */ = {isa = PBXBuildFile; fileRef = 8CE07AFE2D8E6809002950DC /* WeatherApiModel.swift */; };
		8CE07B302D8E6809002950DC /* WeatherData.swift in Sources */ = {isa = PBXBuildFile; fileRef = 8CE07AFF2D8E6809002950DC /* WeatherData.swift */; };
		8CE07B312D8E6809002950DC /* WindModel.swift in Sources */ = {isa = PBXBuildFile; fileRef = 8CE07B002D8E6809002950DC /* WindModel.swift */; };
		8CE07B322D8E6809002950DC /* LoadingState.swift in Sources */ = {isa = PBXBuildFile; fileRef = 8CE07B022D8E6809002950DC /* LoadingState.swift */; };
		8CE07B332D8E6809002950DC /* NetworkLayerImpl.swift in Sources */ = {isa = PBXBuildFile; fileRef = 8CE07B032D8E6809002950DC /* NetworkLayerImpl.swift */; };
		8CE07B342D8E6809002950DC /* NetworkLayer.swift in Sources */ = {isa = PBXBuildFile; fileRef = 8CE07B072D8E6809002950DC /* NetworkLayer.swift */; };
		8CE07B352D8E6809002950DC /* WeatherDataSource.swift in Sources */ = {isa = PBXBuildFile; fileRef = 8CE07B082D8E6809002950DC /* WeatherDataSource.swift */; };
		8CE07B362D8E6809002950DC /* Theme.swift in Sources */ = {isa = PBXBuildFile; fileRef = 8CE07B0C2D8E6809002950DC /* Theme.swift */; };
		8CE07B372D8E6809002950DC /* LocationManager.swift in Sources */ = {isa = PBXBuildFile; fileRef = 8CE07B0E2D8E6809002950DC /* LocationManager.swift */; };
		8CE07B382D8E6809002950DC /* ForecastDayRowViewModel.swift in Sources */ = {isa = PBXBuildFile; fileRef = 8CE07B102D8E6809002950DC /* ForecastDayRowViewModel.swift */; };
		8CE07B392D8E6809002950DC /* HistoryRowViewModel.swift in Sources */ = {isa = PBXBuildFile; fileRef = 8CE07B112D8E6809002950DC /* HistoryRowViewModel.swift */; };
		8CE07B3A2D8E6809002950DC /* WeatherViewModel.swift in Sources */ = {isa = PBXBuildFile; fileRef = 8CE07B122D8E6809002950DC /* WeatherViewModel.swift */; };
		8CE07B3B2D8E6809002950DC /* WindViewModel.swift in Sources */ = {isa = PBXBuildFile; fileRef = 8CE07B132D8E6809002950DC /* WindViewModel.swift */; };
		8CE07B3C2D8E6809002950DC /* CardStyle.swift in Sources */ = {isa = PBXBuildFile; fileRef = 8CE07B152D8E6809002950DC /* CardStyle.swift */; };
		8CE07B3D2D8E6809002950DC /* ApiProviderView.swift in Sources */ = {isa = PBXBuildFile; fileRef = 8CE07B172D8E6809002950DC /* ApiProviderView.swift */; };
		8CE07B3E2D8E6809002950DC /* CachedAsyncImage.swift in Sources */ = {isa = PBXBuildFile; fileRef = 8CE07B182D8E6809002950DC /* CachedAsyncImage.swift */; };
		8CE07B3F2D8E6809002950DC /* CurrentView.swift in Sources */ = {isa = PBXBuildFile; fileRef = 8CE07B192D8E6809002950DC /* CurrentView.swift */; };
		8CE07B402D8E6809002950DC /* DetailChip.swift in Sources */ = {isa = PBXBuildFile; fileRef = 8CE07B1A2D8E6809002950DC /* DetailChip.swift */; };
		8CE07B412D8E6809002950DC /* ForecastDayRow.swift in Sources */ = {isa = PBXBuildFile; fileRef = 8CE07B1B2D8E6809002950DC /* ForecastDayRow.swift */; };
		8CE07B422D8E6809002950DC /* ForecastView.swift in Sources */ = {isa = PBXBuildFile; fileRef = 8CE07B1C2D8E6809002950DC /* ForecastView.swift */; };
		8CE07B432D8E6809002950DC /* HistoryRow.swift in Sources */ = {isa = PBXBuildFile; fileRef = 8CE07B1D2D8E6809002950DC /* HistoryRow.swift */; };
		8CE07B442D8E6809002950DC /* HistoryView.swift in Sources */ = {isa = PBXBuildFile; fileRef = 8CE07B1E2D8E6809002950DC /* HistoryView.swift */; };
		8CE07B452D8E6809002950DC /* MapView.swift in Sources */ = {isa = PBXBuildFile; fileRef = 8CE07B1F2D8E6809002950DC /* MapView.swift */; };
		8CE07B462D8E6809002950DC /* SettingsView.swift in Sources */ = {isa = PBXBuildFile; fileRef = 8CE07B202D8E6809002950DC /* SettingsView.swift */; };
		8CE07B472D8E6809002950DC /* WeatherApiView.swift in Sources */ = {isa = PBXBuildFile; fileRef = 8CE07B212D8E6809002950DC /* WeatherApiView.swift */; };
		8CE07B482D8E6809002950DC /* WeatherView.swift in Sources */ = {isa = PBXBuildFile; fileRef = 8CE07B222D8E6809002950DC /* WeatherView.swift */; };
		8CE07B492D8E6809002950DC /* WindView.swift in Sources */ = {isa = PBXBuildFile; fileRef = 8CE07B232D8E6809002950DC /* WindView.swift */; };
		8CE07B4A2D8E6809002950DC /* WeatherApiApp.swift in Sources */ = {isa = PBXBuildFile; fileRef = 8CE07B252D8E6809002950DC /* WeatherApiApp.swift */; };
		8CE07B4B2D8E6809002950DC /* Preview Assets.xcassets in Resources */ = {isa = PBXBuildFile; fileRef = 8CE07B052D8E6809002950DC /* Preview Assets.xcassets */; };
		8CE07B4C2D8E6809002950DC /* Assets.xcassets in Resources */ = {isa = PBXBuildFile; fileRef = 8CE07B0A2D8E6809002950DC /* Assets.xcassets */; };
		8CE07B4D2D8E6809002950DC /* Localizable.xcstrings in Resources */ = {isa = PBXBuildFile; fileRef = 8CE07B0B2D8E6809002950DC /* Localizable.xcstrings */; };
/* End PBXBuildFile section */

/* Begin PBXContainerItemProxy section */
		8C52D4A32CC8B83600AA558C /* PBXContainerItemProxy */ = {
			isa = PBXContainerItemProxy;
			containerPortal = 8C52D48A2CC8B83400AA558C /* Project object */;
			proxyType = 1;
			remoteGlobalIDString = 8C52D4912CC8B83400AA558C;
			remoteInfo = WeatherApi;
		};
		8C52D4AD2CC8B83600AA558C /* PBXContainerItemProxy */ = {
			isa = PBXContainerItemProxy;
			containerPortal = 8C52D48A2CC8B83400AA558C /* Project object */;
			proxyType = 1;
			remoteGlobalIDString = 8C52D4912CC8B83400AA558C;
			remoteInfo = WeatherApi;
		};
/* End PBXContainerItemProxy section */

/* Begin PBXFileReference section */
		8C52D4922CC8B83400AA558C /* WeatherApi.app */ = {isa = PBXFileReference; explicitFileType = wrapper.application; includeInIndex = 0; path = WeatherApi.app; sourceTree = BUILT_PRODUCTS_DIR; };
		8C52D4A22CC8B83600AA558C /* WeatherApiTests.xctest */ = {isa = PBXFileReference; explicitFileType = wrapper.cfbundle; includeInIndex = 0; path = WeatherApiTests.xctest; sourceTree = BUILT_PRODUCTS_DIR; };
		8C52D4AC2CC8B83600AA558C /* WeatherApiUITests.xctest */ = {isa = PBXFileReference; explicitFileType = wrapper.cfbundle; includeInIndex = 0; path = WeatherApiUITests.xctest; sourceTree = BUILT_PRODUCTS_DIR; };
		8C52D4BF2CC8C0A300AA558C /* README.md */ = {isa = PBXFileReference; lastKnownFileType = net.daringfireball.markdown; name = README.md; path = ../README.md; sourceTree = SOURCE_ROOT; };
		8CE07AF32D8E6809002950DC /* AppSettings.swift */ = {isa = PBXFileReference; lastKnownFileType = sourcecode.swift; path = AppSettings.swift; sourceTree = "<group>"; };
		8CE07AF42D8E6809002950DC /* Bundle+Decodable.swift */ = {isa = PBXFileReference; lastKnownFileType = sourcecode.swift; path = "Bundle+Decodable.swift"; sourceTree = "<group>"; };
		8CE07AF52D8E6809002950DC /* Units.swift */ = {isa = PBXFileReference; lastKnownFileType = sourcecode.swift; path = Units.swift; sourceTree = "<group>"; };
		8CE07AF62D8E6809002950DC /* URL+Ext.swift */ = {isa = PBXFileReference; lastKnownFileType = sourcecode.swift; path = "URL+Ext.swift"; sourceTree = "<group>"; };
		8CE07AF82D8E6809002950DC /* WeatherApiComDataSource.swift */ = {isa = PBXFileReference; lastKnownFileType = sourcecode.swift; path = WeatherApiComDataSource.swift; sourceTree = "<group>"; };
		8CE07AFB2D8E6809002950DC /* ApiErrorType.swift */ = {isa = PBXFileReference; lastKnownFileType = sourcecode.swift; path = ApiErrorType.swift; sourceTree = "<group>"; };
		8CE07AFC2D8E6809002950DC /* ApiModel.swift */ = {isa = PBXFileReference; lastKnownFileType = sourcecode.swift; path = ApiModel.swift; sourceTree = "<group>"; };
		8CE07AFD2D8E6809002950DC /* HistoryItemModel.swift */ = {isa = PBXFileReference; lastKnownFileType = sourcecode.swift; path = HistoryItemModel.swift; sourceTree = "<group>"; };
		8CE07AFE2D8E6809002950DC /* WeatherApiModel.swift */ = {isa = PBXFileReference; lastKnownFileType = sourcecode.swift; path = WeatherApiModel.swift; sourceTree = "<group>"; };
		8CE07AFF2D8E6809002950DC /* WeatherData.swift */ = {isa = PBXFileReference; lastKnownFileType = sourcecode.swift; path = WeatherData.swift; sourceTree = "<group>"; };
		8CE07B002D8E6809002950DC /* WindModel.swift */ = {isa = PBXFileReference; lastKnownFileType = sourcecode.swift; path = WindModel.swift; sourceTree = "<group>"; };
		8CE07B022D8E6809002950DC /* LoadingState.swift */ = {isa = PBXFileReference; lastKnownFileType = sourcecode.swift; path = LoadingState.swift; sourceTree = "<group>"; };
		8CE07B032D8E6809002950DC /* NetworkLayerImpl.swift */ = {isa = PBXFileReference; lastKnownFileType = sourcecode.swift; path = NetworkLayerImpl.swift; sourceTree = "<group>"; };
		8CE07B052D8E6809002950DC /* Preview Assets.xcassets */ = {isa = PBXFileReference; lastKnownFileType = folder.assetcatalog; path = "Preview Assets.xcassets"; sourceTree = "<group>"; };
		8CE07B072D8E6809002950DC /* NetworkLayer.swift */ = {isa = PBXFileReference; lastKnownFileType = sourcecode.swift; path = NetworkLayer.swift; sourceTree = "<group>"; };
		8CE07B082D8E6809002950DC /* WeatherDataSource.swift */ = {isa = PBXFileReference; lastKnownFileType = sourcecode.swift; path = WeatherDataSource.swift; sourceTree = "<group>"; };
		8CE07B0A2D8E6809002950DC /* Assets.xcassets */ = {isa = PBXFileReference; lastKnownFileType = folder.assetcatalog; path = Assets.xcassets; sourceTree = "<group>"; };
		8CE07B0B2D8E6809002950DC /* Localizable.xcstrings */ = {isa = PBXFileReference; lastKnownFileType = text.json.xcstrings; path = Localizable.xcstrings; sourceTree = "<group>"; };
		8CE07B0C2D8E6809002950DC /* Theme.swift */ = {isa = PBXFileReference; lastKnownFileType = sourcecode.swift; path = Theme.swift; sourceTree = "<group>"; };
		8CE07B0E2D8E6809002950DC /* LocationManager.swift */ = {isa = PBXFileReference; lastKnownFileType = sourcecode.swift; path = LocationManager.swift; sourceTree = "<group>"; };
		8CE07B102D8E6809002950DC /* ForecastDayRowViewModel.swift */ = {isa = PBXFileReference; lastKnownFileType = sourcecode.swift; path = ForecastDayRowViewModel.swift; sourceTree = "<group>"; };
		8CE07B112D8E6809002950DC /* HistoryRowViewModel.swift */ = {isa = PBXFileReference; lastKnownFileType = sourcecode.swift; path = HistoryRowViewModel.swift; sourceTree = "<group>"; };
		8CE07B122D8E6809002950DC /* WeatherViewModel.swift */ = {isa = PBXFileReference; lastKnownFileType = sourcecode.swift; path = WeatherViewModel.swift; sourceTree = "<group>"; };
		8CE07B132D8E6809002950DC /* WindViewModel.swift */ = {isa = PBXFileReference; lastKnownFileType = sourcecode.swift; path = WindViewModel.swift; sourceTree = "<group>"; };
		8CE07B152D8E6809002950DC /* CardStyle.swift */ = {isa = PBXFileReference; lastKnownFileType = sourcecode.swift; path = CardStyle.swift; sourceTree = "<group>"; };
		8CE07B172D8E6809002950DC /* ApiProviderView.swift */ = {isa = PBXFileReference; lastKnownFileType = sourcecode.swift; path = ApiProviderView.swift; sourceTree = "<group>"; };
		8CE07B182D8E6809002950DC /* CachedAsyncImage.swift */ = {isa = PBXFileReference; lastKnownFileType = sourcecode.swift; path = CachedAsyncImage.swift; sourceTree = "<group>"; };
		8CE07B192D8E6809002950DC /* CurrentView.swift */ = {isa = PBXFileReference; lastKnownFileType = sourcecode.swift; path = CurrentView.swift; sourceTree = "<group>"; };
		8CE07B1A2D8E6809002950DC /* DetailChip.swift */ = {isa = PBXFileReference; lastKnownFileType = sourcecode.swift; path = DetailChip.swift; sourceTree = "<group>"; };
		8CE07B1B2D8E6809002950DC /* ForecastDayRow.swift */ = {isa = PBXFileReference; lastKnownFileType = sourcecode.swift; path = ForecastDayRow.swift; sourceTree = "<group>"; };
		8CE07B1C2D8E6809002950DC /* ForecastView.swift */ = {isa = PBXFileReference; lastKnownFileType = sourcecode.swift; path = ForecastView.swift; sourceTree = "<group>"; };
		8CE07B1D2D8E6809002950DC /* HistoryRow.swift */ = {isa = PBXFileReference; lastKnownFileType = sourcecode.swift; path = HistoryRow.swift; sourceTree = "<group>"; };
		8CE07B1E2D8E6809002950DC /* HistoryView.swift */ = {isa = PBXFileReference; lastKnownFileType = sourcecode.swift; path = HistoryView.swift; sourceTree = "<group>"; };
		8CE07B1F2D8E6809002950DC /* MapView.swift */ = {isa = PBXFileReference; lastKnownFileType = sourcecode.swift; path = MapView.swift; sourceTree = "<group>"; };
		8CE07B202D8E6809002950DC /* SettingsView.swift */ = {isa = PBXFileReference; lastKnownFileType = sourcecode.swift; path = SettingsView.swift; sourceTree = "<group>"; };
		8CE07B212D8E6809002950DC /* WeatherApiView.swift */ = {isa = PBXFileReference; lastKnownFileType = sourcecode.swift; path = WeatherApiView.swift; sourceTree = "<group>"; };
		8CE07B222D8E6809002950DC /* WeatherView.swift */ = {isa = PBXFileReference; lastKnownFileType = sourcecode.swift; path = WeatherView.swift; sourceTree = "<group>"; };
		8CE07B232D8E6809002950DC /* WindView.swift */ = {isa = PBXFileReference; lastKnownFileType = sourcecode.swift; path = WindView.swift; sourceTree = "<group>"; };
		8CE07B252D8E6809002950DC /* WeatherApiApp.swift */ = {isa = PBXFileReference; lastKnownFileType = sourcecode.swift; path = WeatherApiApp.swift; sourceTree = "<group>"; };
/* End PBXFileReference section */

/* Begin PBXFileSystemSynchronizedRootGroup section */
		8C52D4A52CC8B83600AA558C /* WeatherApiTests */ = {
			isa = PBXFileSystemSynchronizedRootGroup;
			path = WeatherApiTests;
			sourceTree = "<group>";
		};
		8C52D4AF2CC8B83600AA558C /* WeatherApiUITests */ = {
			isa = PBXFileSystemSynchronizedRootGroup;
			path = WeatherApiUITests;
			sourceTree = "<group>";
		};
/* End PBXFileSystemSynchronizedRootGroup section */

/* Begin PBXFrameworksBuildPhase section */
		8C52D48F2CC8B83400AA558C /* Frameworks */ = {
			isa = PBXFrameworksBuildPhase;
			buildActionMask = 2147483647;
			files = (
			);
			runOnlyForDeploymentPostprocessing = 0;
		};
		8C52D49F2CC8B83600AA558C /* Frameworks */ = {
			isa = PBXFrameworksBuildPhase;
			buildActionMask = 2147483647;
			files = (
			);
			runOnlyForDeploymentPostprocessing = 0;
		};
		8C52D4A92CC8B83600AA558C /* Frameworks */ = {
			isa = PBXFrameworksBuildPhase;
			buildActionMask = 2147483647;
			files = (
			);
			runOnlyForDeploymentPostprocessing = 0;
		};
/* End PBXFrameworksBuildPhase section */

/* Begin PBXGroup section */
		8C52D4892CC8B83400AA558C = {
			isa = PBXGroup;
			children = (
				8C52D4BF2CC8C0A300AA558C /* README.md */,
				8CE07B262D8E6809002950DC /* WeatherApi */,
				8C52D4A52CC8B83600AA558C /* WeatherApiTests */,
				8C52D4AF2CC8B83600AA558C /* WeatherApiUITests */,
				8C52D4932CC8B83400AA558C /* Products */,
			);
			sourceTree = "<group>";
		};
		8C52D4932CC8B83400AA558C /* Products */ = {
			isa = PBXGroup;
			children = (
				8C52D4922CC8B83400AA558C /* WeatherApi.app */,
				8C52D4A22CC8B83600AA558C /* WeatherApiTests.xctest */,
				8C52D4AC2CC8B83600AA558C /* WeatherApiUITests.xctest */,
			);
			name = Products;
			sourceTree = "<group>";
		};
		8CE07AF72D8E6809002950DC /* Common */ = {
			isa = PBXGroup;
			children = (
				8CE07AF42D8E6809002950DC /* Bundle+Decodable.swift */,
				8CE07AF62D8E6809002950DC /* URL+Ext.swift */,
			);
			path = Common;
			sourceTree = "<group>";
		};
		8CE07AF92D8E6809002950DC /* DataSources */ = {
			isa = PBXGroup;
			children = (
				8CE07B542D8E761F002950DC /* WeatherAPIcom */,
				8CE07AFB2D8E6809002950DC /* ApiErrorType.swift */,
				8CE07AFC2D8E6809002950DC /* ApiModel.swift */,
				8CE07AFF2D8E6809002950DC /* WeatherData.swift */,
				8CE07B082D8E6809002950DC /* WeatherDataSource.swift */,
			);
			path = DataSources;
			sourceTree = "<group>";
		};
		8CE07AFA2D8E6809002950DC /* Main */ = {
			isa = PBXGroup;
			children = (
				8CE07B122D8E6809002950DC /* WeatherViewModel.swift */,
				8CE07B212D8E6809002950DC /* WeatherApiView.swift */,
				8CE07B222D8E6809002950DC /* WeatherView.swift */,
				8CE07B1F2D8E6809002950DC /* MapView.swift */,
				8CE07B182D8E6809002950DC /* CachedAsyncImage.swift */,
			);
			path = Main;
			sourceTree = "<group>";
		};
		8CE07B042D8E6809002950DC /* Network */ = {
			isa = PBXGroup;
			children = (
				8CE07B022D8E6809002950DC /* LoadingState.swift */,
				8CE07B032D8E6809002950DC /* NetworkLayerImpl.swift */,
				8CE07B072D8E6809002950DC /* NetworkLayer.swift */,
			);
			path = Network;
			sourceTree = "<group>";
		};
		8CE07B062D8E6809002950DC /* Preview Content */ = {
			isa = PBXGroup;
			children = (
				8CE07B052D8E6809002950DC /* Preview Assets.xcassets */,
			);
			path = "Preview Content";
			sourceTree = "<group>";
		};
		8CE07B0D2D8E6809002950DC /* Localization */ = {
			isa = PBXGroup;
			children = (
				8CE07B0A2D8E6809002950DC /* Assets.xcassets */,
				8CE07B0B2D8E6809002950DC /* Localizable.xcstrings */,
				8CE07B0C2D8E6809002950DC /* Theme.swift */,
			);
			path = Localization;
			sourceTree = "<group>";
		};
		8CE07B0F2D8E6809002950DC /* Location */ = {
			isa = PBXGroup;
			children = (
				8CE07B0E2D8E6809002950DC /* LocationManager.swift */,
			);
			path = Location;
			sourceTree = "<group>";
		};
		8CE07B162D8E6809002950DC /* ViewModifiers */ = {
			isa = PBXGroup;
			children = (
				8CE07B152D8E6809002950DC /* CardStyle.swift */,
			);
			path = ViewModifiers;
			sourceTree = "<group>";
		};
		8CE07B262D8E6809002950DC /* WeatherApi */ = {
			isa = PBXGroup;
			children = (
				8CE07AFA2D8E6809002950DC /* Main */,
				8CE07B4E2D8E68A7002950DC /* Current */,
				8CE07B4F2D8E68BB002950DC /* Forecast */,
				8CE07B512D8E6987002950DC /* History */,
				8CE07B522D8E699C002950DC /* Settings */,
				8CE07AF72D8E6809002950DC /* Common */,
				8CE07B162D8E6809002950DC /* ViewModifiers */,
				8CE07AF92D8E6809002950DC /* DataSources */,
				8CE07B042D8E6809002950DC /* Network */,
				8CE07B062D8E6809002950DC /* Preview Content */,
				8CE07B0D2D8E6809002950DC /* Localization */,
				8CE07B0F2D8E6809002950DC /* Location */,
				8CE07B252D8E6809002950DC /* WeatherApiApp.swift */,
			);
			path = WeatherApi;
			sourceTree = "<group>";
		};
		8CE07B4E2D8E68A7002950DC /* Current */ = {
			isa = PBXGroup;
			children = (
				8CE07B192D8E6809002950DC /* CurrentView.swift */,
				8CE07B1A2D8E6809002950DC /* DetailChip.swift */,
				8CE07B532D8E69FF002950DC /* Wind */,
			);
			path = Current;
			sourceTree = "<group>";
		};
		8CE07B4F2D8E68BB002950DC /* Forecast */ = {
			isa = PBXGroup;
			children = (
				8CE07B102D8E6809002950DC /* ForecastDayRowViewModel.swift */,
				8CE07B1B2D8E6809002950DC /* ForecastDayRow.swift */,
				8CE07B1C2D8E6809002950DC /* ForecastView.swift */,
			);
			path = Forecast;
			sourceTree = "<group>";
		};
		8CE07B512D8E6987002950DC /* History */ = {
			isa = PBXGroup;
			children = (
				8CE07B112D8E6809002950DC /* HistoryRowViewModel.swift */,
				8CE07B1D2D8E6809002950DC /* HistoryRow.swift */,
				8CE07B1E2D8E6809002950DC /* HistoryView.swift */,
				8CE07AFD2D8E6809002950DC /* HistoryItemModel.swift */,
			);
			path = History;
			sourceTree = "<group>";
		};
		8CE07B522D8E699C002950DC /* Settings */ = {
			isa = PBXGroup;
			children = (
				8CE07AF32D8E6809002950DC /* AppSettings.swift */,
				8CE07B202D8E6809002950DC /* SettingsView.swift */,
				8CE07B172D8E6809002950DC /* ApiProviderView.swift */,
				8CE07AF52D8E6809002950DC /* Units.swift */,
			);
			path = Settings;
			sourceTree = "<group>";
		};
		8CE07B532D8E69FF002950DC /* Wind */ = {
			isa = PBXGroup;
			children = (
				8CE07B132D8E6809002950DC /* WindViewModel.swift */,
				8CE07B232D8E6809002950DC /* WindView.swift */,
				8CE07B002D8E6809002950DC /* WindModel.swift */,
			);
			path = Wind;
			sourceTree = "<group>";
		};
		8CE07B542D8E761F002950DC /* WeatherAPIcom */ = {
			isa = PBXGroup;
			children = (
				8CE07AF82D8E6809002950DC /* WeatherApiComDataSource.swift */,
				8CE07AFE2D8E6809002950DC /* WeatherApiModel.swift */,
			);
			path = WeatherAPIcom;
			sourceTree = "<group>";
		};
/* End PBXGroup section */

/* Begin PBXNativeTarget section */
		8C52D4912CC8B83400AA558C /* WeatherApi */ = {
			isa = PBXNativeTarget;
			buildConfigurationList = 8C52D4B62CC8B83600AA558C /* Build configuration list for PBXNativeTarget "WeatherApi" */;
			buildPhases = (
				8C52D48E2CC8B83400AA558C /* Sources */,
				8C52D48F2CC8B83400AA558C /* Frameworks */,
				8C52D4902CC8B83400AA558C /* Resources */,
				8CA518C62D80B6260026602F /* Swiftlint */,
			);
			buildRules = (
			);
			dependencies = (
			);
			name = WeatherApi;
			packageProductDependencies = (
			);
			productName = WeatherApi;
			productReference = 8C52D4922CC8B83400AA558C /* WeatherApi.app */;
			productType = "com.apple.product-type.application";
		};
		8C52D4A12CC8B83600AA558C /* WeatherApiTests */ = {
			isa = PBXNativeTarget;
			buildConfigurationList = 8C52D4B92CC8B83600AA558C /* Build configuration list for PBXNativeTarget "WeatherApiTests" */;
			buildPhases = (
				8C52D49E2CC8B83600AA558C /* Sources */,
				8C52D49F2CC8B83600AA558C /* Frameworks */,
				8C52D4A02CC8B83600AA558C /* Resources */,
			);
			buildRules = (
			);
			dependencies = (
				8C52D4A42CC8B83600AA558C /* PBXTargetDependency */,
			);
			fileSystemSynchronizedGroups = (
				8C52D4A52CC8B83600AA558C /* WeatherApiTests */,
			);
			name = WeatherApiTests;
			packageProductDependencies = (
			);
			productName = WeatherApiTests;
			productReference = 8C52D4A22CC8B83600AA558C /* WeatherApiTests.xctest */;
			productType = "com.apple.product-type.bundle.unit-test";
		};
		8C52D4AB2CC8B83600AA558C /* WeatherApiUITests */ = {
			isa = PBXNativeTarget;
			buildConfigurationList = 8C52D4BC2CC8B83600AA558C /* Build configuration list for PBXNativeTarget "WeatherApiUITests" */;
			buildPhases = (
				8C52D4A82CC8B83600AA558C /* Sources */,
				8C52D4A92CC8B83600AA558C /* Frameworks */,
				8C52D4AA2CC8B83600AA558C /* Resources */,
			);
			buildRules = (
			);
			dependencies = (
				8C52D4AE2CC8B83600AA558C /* PBXTargetDependency */,
			);
			fileSystemSynchronizedGroups = (
				8C52D4AF2CC8B83600AA558C /* WeatherApiUITests */,
			);
			name = WeatherApiUITests;
			packageProductDependencies = (
			);
			productName = WeatherApiUITests;
			productReference = 8C52D4AC2CC8B83600AA558C /* WeatherApiUITests.xctest */;
			productType = "com.apple.product-type.bundle.ui-testing";
		};
/* End PBXNativeTarget section */

/* Begin PBXProject section */
		8C52D48A2CC8B83400AA558C /* Project object */ = {
			isa = PBXProject;
			attributes = {
				BuildIndependentTargetsInParallel = 1;
				LastSwiftUpdateCheck = 1600;
				LastUpgradeCheck = 1630;
				TargetAttributes = {
					8C52D4912CC8B83400AA558C = {
						CreatedOnToolsVersion = 16.0;
					};
					8C52D4A12CC8B83600AA558C = {
						CreatedOnToolsVersion = 16.0;
						TestTargetID = 8C52D4912CC8B83400AA558C;
					};
					8C52D4AB2CC8B83600AA558C = {
						CreatedOnToolsVersion = 16.0;
						TestTargetID = 8C52D4912CC8B83400AA558C;
					};
				};
			};
			buildConfigurationList = 8C52D48D2CC8B83400AA558C /* Build configuration list for PBXProject "WeatherApi" */;
			developmentRegion = en;
			hasScannedForEncodings = 0;
			knownRegions = (
				en,
				Base,
			);
			mainGroup = 8C52D4892CC8B83400AA558C;
			minimizedProjectReferenceProxies = 1;
			preferredProjectObjectVersion = 77;
			productRefGroup = 8C52D4932CC8B83400AA558C /* Products */;
			projectDirPath = "";
			projectRoot = "";
			targets = (
				8C52D4912CC8B83400AA558C /* WeatherApi */,
				8C52D4A12CC8B83600AA558C /* WeatherApiTests */,
				8C52D4AB2CC8B83600AA558C /* WeatherApiUITests */,
			);
		};
/* End PBXProject section */

/* Begin PBXResourcesBuildPhase section */
		8C52D4902CC8B83400AA558C /* Resources */ = {
			isa = PBXResourcesBuildPhase;
			buildActionMask = 2147483647;
			files = (
				8CE07B4B2D8E6809002950DC /* Preview Assets.xcassets in Resources */,
				8CE07B4C2D8E6809002950DC /* Assets.xcassets in Resources */,
				8CE07B4D2D8E6809002950DC /* Localizable.xcstrings in Resources */,
				8C52D4C02CC8C0A300AA558C /* README.md in Resources */,
			);
			runOnlyForDeploymentPostprocessing = 0;
		};
		8C52D4A02CC8B83600AA558C /* Resources */ = {
			isa = PBXResourcesBuildPhase;
			buildActionMask = 2147483647;
			files = (
			);
			runOnlyForDeploymentPostprocessing = 0;
		};
		8C52D4AA2CC8B83600AA558C /* Resources */ = {
			isa = PBXResourcesBuildPhase;
			buildActionMask = 2147483647;
			files = (
			);
			runOnlyForDeploymentPostprocessing = 0;
		};
/* End PBXResourcesBuildPhase section */

/* Begin PBXShellScriptBuildPhase section */
		8CA518C62D80B6260026602F /* Swiftlint */ = {
			isa = PBXShellScriptBuildPhase;
			alwaysOutOfDate = 1;
			buildActionMask = 2147483647;
			files = (
			);
			inputFileListPaths = (
			);
			inputPaths = (
			);
			name = Swiftlint;
			outputFileListPaths = (
			);
			outputPaths = (
			);
			runOnlyForDeploymentPostprocessing = 0;
			shellPath = /bin/sh;
			shellScript = "if [[ \"$(uname -m)\" == arm64 ]]\nthen\n    export PATH=\"/opt/homebrew/bin:$PATH\"\nfi\n\nif command -v swiftlint >/dev/null 2>&1\nthen\n    swiftlint\nelse\n    echo \"warning: `swiftlint` command not found - See https://github.com/realm/SwiftLint#installation for installation instructions.\"\nfi\n";
		};
/* End PBXShellScriptBuildPhase section */

/* Begin PBXSourcesBuildPhase section */
		8C52D48E2CC8B83400AA558C /* Sources */ = {
			isa = PBXSourcesBuildPhase;
			buildActionMask = 2147483647;
			files = (
				8CE07B272D8E6809002950DC /* AppSettings.swift in Sources */,
				8CE07B282D8E6809002950DC /* Bundle+Decodable.swift in Sources */,
				8CE07B292D8E6809002950DC /* Units.swift in Sources */,
				8CE07B2A2D8E6809002950DC /* URL+Ext.swift in Sources */,
				8CE07B2B2D8E6809002950DC /* WeatherApiComDataSource.swift in Sources */,
				8CE07B2C2D8E6809002950DC /* ApiErrorType.swift in Sources */,
				8CE07B2D2D8E6809002950DC /* ApiModel.swift in Sources */,
				8CE07B2E2D8E6809002950DC /* HistoryItemModel.swift in Sources */,
				8CE07B2F2D8E6809002950DC /* WeatherApiModel.swift in Sources */,
				8CE07B302D8E6809002950DC /* WeatherData.swift in Sources */,
				8CE07B312D8E6809002950DC /* WindModel.swift in Sources */,
				8CE07B322D8E6809002950DC /* LoadingState.swift in Sources */,
				8CE07B332D8E6809002950DC /* NetworkLayerImpl.swift in Sources */,
				8CE07B342D8E6809002950DC /* NetworkLayer.swift in Sources */,
				8CE07B352D8E6809002950DC /* WeatherDataSource.swift in Sources */,
				8CE07B362D8E6809002950DC /* Theme.swift in Sources */,
				8CE07B372D8E6809002950DC /* LocationManager.swift in Sources */,
				8CE07B382D8E6809002950DC /* ForecastDayRowViewModel.swift in Sources */,
				8CE07B392D8E6809002950DC /* HistoryRowViewModel.swift in Sources */,
				8CE07B3A2D8E6809002950DC /* WeatherViewModel.swift in Sources */,
				8CE07B3B2D8E6809002950DC /* WindViewModel.swift in Sources */,
				8CE07B3C2D8E6809002950DC /* CardStyle.swift in Sources */,
				8CE07B3D2D8E6809002950DC /* ApiProviderView.swift in Sources */,
				8CE07B3E2D8E6809002950DC /* CachedAsyncImage.swift in Sources */,
				8CE07B3F2D8E6809002950DC /* CurrentView.swift in Sources */,
				8CE07B402D8E6809002950DC /* DetailChip.swift in Sources */,
				8CE07B412D8E6809002950DC /* ForecastDayRow.swift in Sources */,
				8CE07B422D8E6809002950DC /* ForecastView.swift in Sources */,
				8CE07B432D8E6809002950DC /* HistoryRow.swift in Sources */,
				8CE07B442D8E6809002950DC /* HistoryView.swift in Sources */,
				8CE07B452D8E6809002950DC /* MapView.swift in Sources */,
				8CE07B462D8E6809002950DC /* SettingsView.swift in Sources */,
				8CE07B472D8E6809002950DC /* WeatherApiView.swift in Sources */,
				8CE07B482D8E6809002950DC /* WeatherView.swift in Sources */,
				8CE07B492D8E6809002950DC /* WindView.swift in Sources */,
				8CE07B4A2D8E6809002950DC /* WeatherApiApp.swift in Sources */,
			);
			runOnlyForDeploymentPostprocessing = 0;
		};
		8C52D49E2CC8B83600AA558C /* Sources */ = {
			isa = PBXSourcesBuildPhase;
			buildActionMask = 2147483647;
			files = (
			);
			runOnlyForDeploymentPostprocessing = 0;
		};
		8C52D4A82CC8B83600AA558C /* Sources */ = {
			isa = PBXSourcesBuildPhase;
			buildActionMask = 2147483647;
			files = (
			);
			runOnlyForDeploymentPostprocessing = 0;
		};
/* End PBXSourcesBuildPhase section */

/* Begin PBXTargetDependency section */
		8C52D4A42CC8B83600AA558C /* PBXTargetDependency */ = {
			isa = PBXTargetDependency;
			target = 8C52D4912CC8B83400AA558C /* WeatherApi */;
			targetProxy = 8C52D4A32CC8B83600AA558C /* PBXContainerItemProxy */;
		};
		8C52D4AE2CC8B83600AA558C /* PBXTargetDependency */ = {
			isa = PBXTargetDependency;
			target = 8C52D4912CC8B83400AA558C /* WeatherApi */;
			targetProxy = 8C52D4AD2CC8B83600AA558C /* PBXContainerItemProxy */;
		};
/* End PBXTargetDependency section */

/* Begin XCBuildConfiguration section */
		8C52D4B42CC8B83600AA558C /* Debug */ = {
			isa = XCBuildConfiguration;
			buildSettings = {
				ALWAYS_SEARCH_USER_PATHS = NO;
				ASSETCATALOG_COMPILER_GENERATE_SWIFT_ASSET_SYMBOL_EXTENSIONS = YES;
				CLANG_ANALYZER_NONNULL = YES;
				CLANG_ANALYZER_NUMBER_OBJECT_CONVERSION = YES_AGGRESSIVE;
				CLANG_CXX_LANGUAGE_STANDARD = "gnu++20";
				CLANG_ENABLE_MODULES = YES;
				CLANG_ENABLE_OBJC_ARC = YES;
				CLANG_ENABLE_OBJC_WEAK = YES;
				CLANG_WARN_BLOCK_CAPTURE_AUTORELEASING = YES;
				CLANG_WARN_BOOL_CONVERSION = YES;
				CLANG_WARN_COMMA = YES;
				CLANG_WARN_CONSTANT_CONVERSION = YES;
				CLANG_WARN_DEPRECATED_OBJC_IMPLEMENTATIONS = YES;
				CLANG_WARN_DIRECT_OBJC_ISA_USAGE = YES_ERROR;
				CLANG_WARN_DOCUMENTATION_COMMENTS = YES;
				CLANG_WARN_EMPTY_BODY = YES;
				CLANG_WARN_ENUM_CONVERSION = YES;
				CLANG_WARN_INFINITE_RECURSION = YES;
				CLANG_WARN_INT_CONVERSION = YES;
				CLANG_WARN_NON_LITERAL_NULL_CONVERSION = YES;
				CLANG_WARN_OBJC_IMPLICIT_RETAIN_SELF = YES;
				CLANG_WARN_OBJC_LITERAL_CONVERSION = YES;
				CLANG_WARN_OBJC_ROOT_CLASS = YES_ERROR;
				CLANG_WARN_QUOTED_INCLUDE_IN_FRAMEWORK_HEADER = YES;
				CLANG_WARN_RANGE_LOOP_ANALYSIS = YES;
				CLANG_WARN_STRICT_PROTOTYPES = YES;
				CLANG_WARN_SUSPICIOUS_MOVE = YES;
				CLANG_WARN_UNGUARDED_AVAILABILITY = YES_AGGRESSIVE;
				CLANG_WARN_UNREACHABLE_CODE = YES;
				CLANG_WARN__DUPLICATE_METHOD_MATCH = YES;
				COPY_PHASE_STRIP = NO;
				DEBUG_INFORMATION_FORMAT = dwarf;
				DEVELOPMENT_TEAM = 2W2GK9ZGZC;
				ENABLE_STRICT_OBJC_MSGSEND = YES;
				ENABLE_TESTABILITY = YES;
				ENABLE_USER_SCRIPT_SANDBOXING = YES;
				GCC_C_LANGUAGE_STANDARD = gnu17;
				GCC_DYNAMIC_NO_PIC = NO;
				GCC_NO_COMMON_BLOCKS = YES;
				GCC_OPTIMIZATION_LEVEL = 0;
				GCC_PREPROCESSOR_DEFINITIONS = (
					"DEBUG=1",
					"$(inherited)",
				);
				GCC_WARN_64_TO_32_BIT_CONVERSION = YES;
				GCC_WARN_ABOUT_RETURN_TYPE = YES_ERROR;
				GCC_WARN_UNDECLARED_SELECTOR = YES;
				GCC_WARN_UNINITIALIZED_AUTOS = YES_AGGRESSIVE;
				GCC_WARN_UNUSED_FUNCTION = YES;
				GCC_WARN_UNUSED_VARIABLE = YES;
				IPHONEOS_DEPLOYMENT_TARGET = 18.0;
				LOCALIZATION_PREFERS_STRING_CATALOGS = YES;
				MTL_ENABLE_DEBUG_INFO = INCLUDE_SOURCE;
				MTL_FAST_MATH = YES;
				ONLY_ACTIVE_ARCH = YES;
				SDKROOT = iphoneos;
				SWIFT_ACTIVE_COMPILATION_CONDITIONS = "DEBUG $(inherited)";
				SWIFT_EMIT_LOC_STRINGS = YES;
				SWIFT_OPTIMIZATION_LEVEL = "-Onone";
				SWIFT_STRICT_CONCURRENCY = complete;
				SWIFT_VERSION = 6.0;
			};
			name = Debug;
		};
		8C52D4B52CC8B83600AA558C /* Release */ = {
			isa = XCBuildConfiguration;
			buildSettings = {
				ALWAYS_SEARCH_USER_PATHS = NO;
				ASSETCATALOG_COMPILER_GENERATE_SWIFT_ASSET_SYMBOL_EXTENSIONS = YES;
				CLANG_ANALYZER_NONNULL = YES;
				CLANG_ANALYZER_NUMBER_OBJECT_CONVERSION = YES_AGGRESSIVE;
				CLANG_CXX_LANGUAGE_STANDARD = "gnu++20";
				CLANG_ENABLE_MODULES = YES;
				CLANG_ENABLE_OBJC_ARC = YES;
				CLANG_ENABLE_OBJC_WEAK = YES;
				CLANG_WARN_BLOCK_CAPTURE_AUTORELEASING = YES;
				CLANG_WARN_BOOL_CONVERSION = YES;
				CLANG_WARN_COMMA = YES;
				CLANG_WARN_CONSTANT_CONVERSION = YES;
				CLANG_WARN_DEPRECATED_OBJC_IMPLEMENTATIONS = YES;
				CLANG_WARN_DIRECT_OBJC_ISA_USAGE = YES_ERROR;
				CLANG_WARN_DOCUMENTATION_COMMENTS = YES;
				CLANG_WARN_EMPTY_BODY = YES;
				CLANG_WARN_ENUM_CONVERSION = YES;
				CLANG_WARN_INFINITE_RECURSION = YES;
				CLANG_WARN_INT_CONVERSION = YES;
				CLANG_WARN_NON_LITERAL_NULL_CONVERSION = YES;
				CLANG_WARN_OBJC_IMPLICIT_RETAIN_SELF = YES;
				CLANG_WARN_OBJC_LITERAL_CONVERSION = YES;
				CLANG_WARN_OBJC_ROOT_CLASS = YES_ERROR;
				CLANG_WARN_QUOTED_INCLUDE_IN_FRAMEWORK_HEADER = YES;
				CLANG_WARN_RANGE_LOOP_ANALYSIS = YES;
				CLANG_WARN_STRICT_PROTOTYPES = YES;
				CLANG_WARN_SUSPICIOUS_MOVE = YES;
				CLANG_WARN_UNGUARDED_AVAILABILITY = YES_AGGRESSIVE;
				CLANG_WARN_UNREACHABLE_CODE = YES;
				CLANG_WARN__DUPLICATE_METHOD_MATCH = YES;
				COPY_PHASE_STRIP = NO;
				DEBUG_INFORMATION_FORMAT = "dwarf-with-dsym";
				DEVELOPMENT_TEAM = 2W2GK9ZGZC;
				ENABLE_NS_ASSERTIONS = NO;
				ENABLE_STRICT_OBJC_MSGSEND = YES;
				ENABLE_USER_SCRIPT_SANDBOXING = YES;
				GCC_C_LANGUAGE_STANDARD = gnu17;
				GCC_NO_COMMON_BLOCKS = YES;
				GCC_WARN_64_TO_32_BIT_CONVERSION = YES;
				GCC_WARN_ABOUT_RETURN_TYPE = YES_ERROR;
				GCC_WARN_UNDECLARED_SELECTOR = YES;
				GCC_WARN_UNINITIALIZED_AUTOS = YES_AGGRESSIVE;
				GCC_WARN_UNUSED_FUNCTION = YES;
				GCC_WARN_UNUSED_VARIABLE = YES;
				IPHONEOS_DEPLOYMENT_TARGET = 18.0;
				LOCALIZATION_PREFERS_STRING_CATALOGS = YES;
				MTL_ENABLE_DEBUG_INFO = NO;
				MTL_FAST_MATH = YES;
				SDKROOT = iphoneos;
				SWIFT_COMPILATION_MODE = wholemodule;
				SWIFT_EMIT_LOC_STRINGS = YES;
				SWIFT_STRICT_CONCURRENCY = complete;
				SWIFT_VERSION = 6.0;
				VALIDATE_PRODUCT = YES;
			};
			name = Release;
		};
		8C52D4B72CC8B83600AA558C /* Debug */ = {
			isa = XCBuildConfiguration;
			buildSettings = {
				ASSETCATALOG_COMPILER_APPICON_NAME = AppIcon;
				ASSETCATALOG_COMPILER_GLOBAL_ACCENT_COLOR_NAME = AccentColor;
				CODE_SIGN_STYLE = Automatic;
				CURRENT_PROJECT_VERSION = 1;
				DEVELOPMENT_ASSET_PATHS = "\"WeatherApi/Preview Content\"";
				ENABLE_PREVIEWS = YES;
				ENABLE_USER_SCRIPT_SANDBOXING = NO;
				GENERATE_INFOPLIST_FILE = YES;
				INFOPLIST_KEY_NSLocationAlwaysUsageDescription = "WeatherApi would like to access your location so that it can get your local weather";
				INFOPLIST_KEY_NSLocationWhenInUseUsageDescription = "WeatherApi would like to access your location so that it can get your local weather";
				INFOPLIST_KEY_UIApplicationSceneManifest_Generation = YES;
				INFOPLIST_KEY_UIApplicationSupportsIndirectInputEvents = YES;
				INFOPLIST_KEY_UILaunchScreen_Generation = YES;
				INFOPLIST_KEY_UISupportedInterfaceOrientations = "UIInterfaceOrientationPortrait UIInterfaceOrientationPortraitUpsideDown";
				INFOPLIST_KEY_UISupportedInterfaceOrientations_iPad = "UIInterfaceOrientationLandscapeLeft UIInterfaceOrientationLandscapeRight UIInterfaceOrientationPortrait UIInterfaceOrientationPortraitUpsideDown";
				IPHONEOS_DEPLOYMENT_TARGET = 17.6;
				LD_RUNPATH_SEARCH_PATHS = (
					"$(inherited)",
					"@executable_path/Frameworks",
				);
				MARKETING_VERSION = 1.0;
				PRODUCT_BUNDLE_IDENTIFIER = com.OleavittApps.WeatherApi;
				PRODUCT_NAME = "$(TARGET_NAME)";
				SWIFT_EMIT_LOC_STRINGS = YES;
				SWIFT_VERSION = 6.0;
				TARGETED_DEVICE_FAMILY = "1,2";
			};
			name = Debug;
		};
		8C52D4B82CC8B83600AA558C /* Release */ = {
			isa = XCBuildConfiguration;
			buildSettings = {
				ASSETCATALOG_COMPILER_APPICON_NAME = AppIcon;
				ASSETCATALOG_COMPILER_GLOBAL_ACCENT_COLOR_NAME = AccentColor;
				CODE_SIGN_STYLE = Automatic;
				CURRENT_PROJECT_VERSION = 1;
				DEVELOPMENT_ASSET_PATHS = "\"WeatherApi/Preview Content\"";
				ENABLE_PREVIEWS = YES;
				ENABLE_USER_SCRIPT_SANDBOXING = NO;
				GENERATE_INFOPLIST_FILE = YES;
				INFOPLIST_KEY_NSLocationAlwaysUsageDescription = "WeatherApi would like to access your location so that it can get your local weather";
				INFOPLIST_KEY_NSLocationWhenInUseUsageDescription = "WeatherApi would like to access your location so that it can get your local weather";
				INFOPLIST_KEY_UIApplicationSceneManifest_Generation = YES;
				INFOPLIST_KEY_UIApplicationSupportsIndirectInputEvents = YES;
				INFOPLIST_KEY_UILaunchScreen_Generation = YES;
				INFOPLIST_KEY_UISupportedInterfaceOrientations = "UIInterfaceOrientationPortrait UIInterfaceOrientationPortraitUpsideDown";
				INFOPLIST_KEY_UISupportedInterfaceOrientations_iPad = "UIInterfaceOrientationLandscapeLeft UIInterfaceOrientationLandscapeRight UIInterfaceOrientationPortrait UIInterfaceOrientationPortraitUpsideDown";
				IPHONEOS_DEPLOYMENT_TARGET = 17.6;
				LD_RUNPATH_SEARCH_PATHS = (
					"$(inherited)",
					"@executable_path/Frameworks",
				);
				MARKETING_VERSION = 1.0;
				PRODUCT_BUNDLE_IDENTIFIER = com.OleavittApps.WeatherApi;
				PRODUCT_NAME = "$(TARGET_NAME)";
				SWIFT_EMIT_LOC_STRINGS = YES;
				SWIFT_VERSION = 6.0;
				TARGETED_DEVICE_FAMILY = "1,2";
			};
			name = Release;
		};
		8C52D4BA2CC8B83600AA558C /* Debug */ = {
			isa = XCBuildConfiguration;
			buildSettings = {
				BUNDLE_LOADER = "$(TEST_HOST)";
				CODE_SIGN_STYLE = Automatic;
				CURRENT_PROJECT_VERSION = 1;
				GENERATE_INFOPLIST_FILE = YES;
				IPHONEOS_DEPLOYMENT_TARGET = 17.6;
				MARKETING_VERSION = 1.0;
				PRODUCT_BUNDLE_IDENTIFIER = com.OleavittApps.WeatherApiTests;
				PRODUCT_NAME = "$(TARGET_NAME)";
				SWIFT_EMIT_LOC_STRINGS = NO;
				SWIFT_VERSION = 6.0;
				TARGETED_DEVICE_FAMILY = "1,2";
				TEST_HOST = "$(BUILT_PRODUCTS_DIR)/WeatherApi.app/$(BUNDLE_EXECUTABLE_FOLDER_PATH)/WeatherApi";
			};
			name = Debug;
		};
		8C52D4BB2CC8B83600AA558C /* Release */ = {
			isa = XCBuildConfiguration;
			buildSettings = {
				BUNDLE_LOADER = "$(TEST_HOST)";
				CODE_SIGN_STYLE = Automatic;
				CURRENT_PROJECT_VERSION = 1;
				GENERATE_INFOPLIST_FILE = YES;
				IPHONEOS_DEPLOYMENT_TARGET = 17.6;
				MARKETING_VERSION = 1.0;
				PRODUCT_BUNDLE_IDENTIFIER = com.OleavittApps.WeatherApiTests;
				PRODUCT_NAME = "$(TARGET_NAME)";
				SWIFT_EMIT_LOC_STRINGS = NO;
				SWIFT_VERSION = 6.0;
				TARGETED_DEVICE_FAMILY = "1,2";
				TEST_HOST = "$(BUILT_PRODUCTS_DIR)/WeatherApi.app/$(BUNDLE_EXECUTABLE_FOLDER_PATH)/WeatherApi";
			};
			name = Release;
		};
		8C52D4BD2CC8B83600AA558C /* Debug */ = {
			isa = XCBuildConfiguration;
			buildSettings = {
				CODE_SIGN_STYLE = Automatic;
				CURRENT_PROJECT_VERSION = 1;
				GENERATE_INFOPLIST_FILE = YES;
				IPHONEOS_DEPLOYMENT_TARGET = 17.6;
				MARKETING_VERSION = 1.0;
				PRODUCT_BUNDLE_IDENTIFIER = com.OleavittApps.WeatherApiUITests;
				PRODUCT_NAME = "$(TARGET_NAME)";
				SWIFT_EMIT_LOC_STRINGS = NO;
				SWIFT_VERSION = 6.0;
				TARGETED_DEVICE_FAMILY = "1,2";
				TEST_TARGET_NAME = WeatherApi;
			};
			name = Debug;
		};
		8C52D4BE2CC8B83600AA558C /* Release */ = {
			isa = XCBuildConfiguration;
			buildSettings = {
				CODE_SIGN_STYLE = Automatic;
				CURRENT_PROJECT_VERSION = 1;
				GENERATE_INFOPLIST_FILE = YES;
				IPHONEOS_DEPLOYMENT_TARGET = 17.6;
				MARKETING_VERSION = 1.0;
				PRODUCT_BUNDLE_IDENTIFIER = com.OleavittApps.WeatherApiUITests;
				PRODUCT_NAME = "$(TARGET_NAME)";
				SWIFT_EMIT_LOC_STRINGS = NO;
				SWIFT_VERSION = 6.0;
				TARGETED_DEVICE_FAMILY = "1,2";
				TEST_TARGET_NAME = WeatherApi;
			};
			name = Release;
		};
/* End XCBuildConfiguration section */

/* Begin XCConfigurationList section */
		8C52D48D2CC8B83400AA558C /* Build configuration list for PBXProject "WeatherApi" */ = {
			isa = XCConfigurationList;
			buildConfigurations = (
				8C52D4B42CC8B83600AA558C /* Debug */,
				8C52D4B52CC8B83600AA558C /* Release */,
			);
			defaultConfigurationIsVisible = 0;
			defaultConfigurationName = Release;
		};
		8C52D4B62CC8B83600AA558C /* Build configuration list for PBXNativeTarget "WeatherApi" */ = {
			isa = XCConfigurationList;
			buildConfigurations = (
				8C52D4B72CC8B83600AA558C /* Debug */,
				8C52D4B82CC8B83600AA558C /* Release */,
			);
			defaultConfigurationIsVisible = 0;
			defaultConfigurationName = Release;
		};
		8C52D4B92CC8B83600AA558C /* Build configuration list for PBXNativeTarget "WeatherApiTests" */ = {
			isa = XCConfigurationList;
			buildConfigurations = (
				8C52D4BA2CC8B83600AA558C /* Debug */,
				8C52D4BB2CC8B83600AA558C /* Release */,
			);
			defaultConfigurationIsVisible = 0;
			defaultConfigurationName = Release;
		};
		8C52D4BC2CC8B83600AA558C /* Build configuration list for PBXNativeTarget "WeatherApiUITests" */ = {
			isa = XCConfigurationList;
			buildConfigurations = (
				8C52D4BD2CC8B83600AA558C /* Debug */,
				8C52D4BE2CC8B83600AA558C /* Release */,
			);
			defaultConfigurationIsVisible = 0;
			defaultConfigurationName = Release;
		};
/* End XCConfigurationList section */
	};
	rootObject = 8C52D48A2CC8B83400AA558C /* Project object */;
}
