// !$*UTF8*$!
{
	archiveVersion = 1;
	classes = {
	};
	objectVersion = 77;
	objects = {

/* Begin PBXBuildFile section */
		8C52D4C02CC8C0A300AA558C /* README.md in Resources */ = {isa = PBXBuildFile; fileRef = 8C52D4BF2CC8C0A300AA558C /* README.md */; };
/* End PBXBuildFile section */

/* Begin PBXContainerItemProxy section */
		8C52D4A32CC8B83600AA558C /* PBXContainerItemProxy */ = {
			isa = PBXContainerItemProxy;
			containerPortal = 8C52D48A2CC8B83400AA558C /* Project object */;
			proxyType = 1;
			remoteGlobalIDString = 8C52D4912CC8B83400AA558C;
			remoteInfo = WeatherApi;
		};
		8C52D4AD2CC8B83600AA558C /* PBXContainerItemProxy */ = {
			isa = PBXContainerItemProxy;
			containerPortal = 8C52D48A2CC8B83400AA558C /* Project object */;
			proxyType = 1;
			remoteGlobalIDString = 8C52D4912CC8B83400AA558C;
			remoteInfo = WeatherApi;
		};
/* End PBXContainerItemProxy section */

/* Begin PBXFileReference section */
		8C52D4922CC8B83400AA558C /* WeatherApi.app */ = {isa = PBXFileReference; explicitFileType = wrapper.application; includeInIndex = 0; path = WeatherApi.app; sourceTree = BUILT_PRODUCTS_DIR; };
		8C52D4A22CC8B83600AA558C /* WeatherApiTests.xctest */ = {isa = PBXFileReference; explicitFileType = wrapper.cfbundle; includeInIndex = 0; path = WeatherApiTests.xctest; sourceTree = BUILT_PRODUCTS_DIR; };
		8C52D4AC2CC8B83600AA558C /* WeatherApiUITests.xctest */ = {isa = PBXFileReference; explicitFileType = wrapper.cfbundle; includeInIndex = 0; path = WeatherApiUITests.xctest; sourceTree = BUILT_PRODUCTS_DIR; };
		8C52D4BF2CC8C0A300AA558C /* README.md */ = {isa = PBXFileReference; lastKnownFileType = net.daringfireball.markdown; name = README.md; path = ../README.md; sourceTree = SOURCE_ROOT; };
/* End PBXFileReference section */

/* Begin PBXFileSystemSynchronizedRootGroup section */
		8C52D4A52CC8B83600AA558C /* WeatherApiTests */ = {
			isa = PBXFileSystemSynchronizedRootGroup;
			path = WeatherApiTests;
			sourceTree = "<group>";
		};
		8C52D4AF2CC8B83600AA558C /* WeatherApiUITests */ = {
			isa = PBXFileSystemSynchronizedRootGroup;
			path = WeatherApiUITests;
			sourceTree = "<group>";
		};
		8C8EC5DA2D3CC94E007422D2 /* WeatherApi */ = {
			isa = PBXFileSystemSynchronizedRootGroup;
			path = WeatherApi;
			sourceTree = "<group>";
		};
/* End PBXFileSystemSynchronizedRootGroup section */

/* Begin PBXFrameworksBuildPhase section */
		8C52D48F2CC8B83400AA558C /* Frameworks */ = {
			isa = PBXFrameworksBuildPhase;
			buildActionMask = 2147483647;
			files = (
			);
			runOnlyForDeploymentPostprocessing = 0;
		};
		8C52D49F2CC8B83600AA558C /* Frameworks */ = {
			isa = PBXFrameworksBuildPhase;
			buildActionMask = 2147483647;
			files = (
			);
			runOnlyForDeploymentPostprocessing = 0;
		};
		8C52D4A92CC8B83600AA558C /* Frameworks */ = {
			isa = PBXFrameworksBuildPhase;
			buildActionMask = 2147483647;
			files = (
			);
			runOnlyForDeploymentPostprocessing = 0;
		};
/* End PBXFrameworksBuildPhase section */

/* Begin PBXGroup section */
		8C52D4892CC8B83400AA558C = {
			isa = PBXGroup;
			children = (
				8C52D4BF2CC8C0A300AA558C /* README.md */,
				8C8EC5DA2D3CC94E007422D2 /* WeatherApi */,
				8C52D4A52CC8B83600AA558C /* WeatherApiTests */,
				8C52D4AF2CC8B83600AA558C /* WeatherApiUITests */,
				8C52D4932CC8B83400AA558C /* Products */,
			);
			sourceTree = "<group>";
		};
		8C52D4932CC8B83400AA558C /* Products */ = {
			isa = PBXGroup;
			children = (
				8C52D4922CC8B83400AA558C /* WeatherApi.app */,
				8C52D4A22CC8B83600AA558C /* WeatherApiTests.xctest */,
				8C52D4AC2CC8B83600AA558C /* WeatherApiUITests.xctest */,
			);
			name = Products;
			sourceTree = "<group>";
		};
/* End PBXGroup section */

/* Begin PBXNativeTarget section */
		8C52D4912CC8B83400AA558C /* WeatherApi */ = {
			isa = PBXNativeTarget;
			buildConfigurationList = 8C52D4B62CC8B83600AA558C /* Build configuration list for PBXNativeTarget "WeatherApi" */;
			buildPhases = (
				8C52D48E2CC8B83400AA558C /* Sources */,
				8C52D48F2CC8B83400AA558C /* Frameworks */,
				8C52D4902CC8B83400AA558C /* Resources */,
			);
			buildRules = (
			);
			dependencies = (
			);
			fileSystemSynchronizedGroups = (
				8C8EC5DA2D3CC94E007422D2 /* WeatherApi */,
			);
			name = WeatherApi;
			packageProductDependencies = (
			);
			productName = WeatherApi;
			productReference = 8C52D4922CC8B83400AA558C /* WeatherApi.app */;
			productType = "com.apple.product-type.application";
		};
		8C52D4A12CC8B83600AA558C /* WeatherApiTests */ = {
			isa = PBXNativeTarget;
			buildConfigurationList = 8C52D4B92CC8B83600AA558C /* Build configuration list for PBXNativeTarget "WeatherApiTests" */;
			buildPhases = (
				8C52D49E2CC8B83600AA558C /* Sources */,
				8C52D49F2CC8B83600AA558C /* Frameworks */,
				8C52D4A02CC8B83600AA558C /* Resources */,
			);
			buildRules = (
			);
			dependencies = (
				8C52D4A42CC8B83600AA558C /* PBXTargetDependency */,
			);
			fileSystemSynchronizedGroups = (
				8C52D4A52CC8B83600AA558C /* WeatherApiTests */,
			);
			name = WeatherApiTests;
			packageProductDependencies = (
			);
			productName = WeatherApiTests;
			productReference = 8C52D4A22CC8B83600AA558C /* WeatherApiTests.xctest */;
			productType = "com.apple.product-type.bundle.unit-test";
		};
		8C52D4AB2CC8B83600AA558C /* WeatherApiUITests */ = {
			isa = PBXNativeTarget;
			buildConfigurationList = 8C52D4BC2CC8B83600AA558C /* Build configuration list for PBXNativeTarget "WeatherApiUITests" */;
			buildPhases = (
				8C52D4A82CC8B83600AA558C /* Sources */,
				8C52D4A92CC8B83600AA558C /* Frameworks */,
				8C52D4AA2CC8B83600AA558C /* Resources */,
			);
			buildRules = (
			);
			dependencies = (
				8C52D4AE2CC8B83600AA558C /* PBXTargetDependency */,
			);
			fileSystemSynchronizedGroups = (
				8C52D4AF2CC8B83600AA558C /* WeatherApiUITests */,
			);
			name = WeatherApiUITests;
			packageProductDependencies = (
			);
			productName = WeatherApiUITests;
			productReference = 8C52D4AC2CC8B83600AA558C /* WeatherApiUITests.xctest */;
			productType = "com.apple.product-type.bundle.ui-testing";
		};
/* End PBXNativeTarget section */

/* Begin PBXProject section */
		8C52D48A2CC8B83400AA558C /* Project object */ = {
			isa = PBXProject;
			attributes = {
				BuildIndependentTargetsInParallel = 1;
				LastSwiftUpdateCheck = 1600;
				LastUpgradeCheck = 1600;
				TargetAttributes = {
					8C52D4912CC8B83400AA558C = {
						CreatedOnToolsVersion = 16.0;
					};
					8C52D4A12CC8B83600AA558C = {
						CreatedOnToolsVersion = 16.0;
						TestTargetID = 8C52D4912CC8B83400AA558C;
					};
					8C52D4AB2CC8B83600AA558C = {
						CreatedOnToolsVersion = 16.0;
						TestTargetID = 8C52D4912CC8B83400AA558C;
					};
				};
			};
			buildConfigurationList = 8C52D48D2CC8B83400AA558C /* Build configuration list for PBXProject "WeatherApi" */;
			developmentRegion = en;
			hasScannedForEncodings = 0;
			knownRegions = (
				en,
				Base,
			);
			mainGroup = 8C52D4892CC8B83400AA558C;
			minimizedProjectReferenceProxies = 1;
			preferredProjectObjectVersion = 77;
			productRefGroup = 8C52D4932CC8B83400AA558C /* Products */;
			projectDirPath = "";
			projectRoot = "";
			targets = (
				8C52D4912CC8B83400AA558C /* WeatherApi */,
				8C52D4A12CC8B83600AA558C /* WeatherApiTests */,
				8C52D4AB2CC8B83600AA558C /* WeatherApiUITests */,
			);
		};
/* End PBXProject section */

/* Begin PBXResourcesBuildPhase section */
		8C52D4902CC8B83400AA558C /* Resources */ = {
			isa = PBXResourcesBuildPhase;
			buildActionMask = 2147483647;
			files = (
				8C52D4C02CC8C0A300AA558C /* README.md in Resources */,
			);
			runOnlyForDeploymentPostprocessing = 0;
		};
		8C52D4A02CC8B83600AA558C /* Resources */ = {
			isa = PBXResourcesBuildPhase;
			buildActionMask = 2147483647;
			files = (
			);
			runOnlyForDeploymentPostprocessing = 0;
		};
		8C52D4AA2CC8B83600AA558C /* Resources */ = {
			isa = PBXResourcesBuildPhase;
			buildActionMask = 2147483647;
			files = (
			);
			runOnlyForDeploymentPostprocessing = 0;
		};
/* End PBXResourcesBuildPhase section */

/* Begin PBXSourcesBuildPhase section */
		8C52D48E2CC8B83400AA558C /* Sources */ = {
			isa = PBXSourcesBuildPhase;
			buildActionMask = 2147483647;
			files = (
			);
			runOnlyForDeploymentPostprocessing = 0;
		};
		8C52D49E2CC8B83600AA558C /* Sources */ = {
			isa = PBXSourcesBuildPhase;
			buildActionMask = 2147483647;
			files = (
			);
			runOnlyForDeploymentPostprocessing = 0;
		};
		8C52D4A82CC8B83600AA558C /* Sources */ = {
			isa = PBXSourcesBuildPhase;
			buildActionMask = 2147483647;
			files = (
			);
			runOnlyForDeploymentPostprocessing = 0;
		};
/* End PBXSourcesBuildPhase section */

/* Begin PBXTargetDependency section */
		8C52D4A42CC8B83600AA558C /* PBXTargetDependency */ = {
			isa = PBXTargetDependency;
			target = 8C52D4912CC8B83400AA558C /* WeatherApi */;
			targetProxy = 8C52D4A32CC8B83600AA558C /* PBXContainerItemProxy */;
		};
		8C52D4AE2CC8B83600AA558C /* PBXTargetDependency */ = {
			isa = PBXTargetDependency;
			target = 8C52D4912CC8B83400AA558C /* WeatherApi */;
			targetProxy = 8C52D4AD2CC8B83600AA558C /* PBXContainerItemProxy */;
		};
/* End PBXTargetDependency section */

/* Begin XCBuildConfiguration section */
		8C52D4B42CC8B83600AA558C /* Debug */ = {
			isa = XCBuildConfiguration;
			buildSettings = {
				ALWAYS_SEARCH_USER_PATHS = NO;
				ASSETCATALOG_COMPILER_GENERATE_SWIFT_ASSET_SYMBOL_EXTENSIONS = YES;
				CLANG_ANALYZER_NONNULL = YES;
				CLANG_ANALYZER_NUMBER_OBJECT_CONVERSION = YES_AGGRESSIVE;
				CLANG_CXX_LANGUAGE_STANDARD = "gnu++20";
				CLANG_ENABLE_MODULES = YES;
				CLANG_ENABLE_OBJC_ARC = YES;
				CLANG_ENABLE_OBJC_WEAK = YES;
				CLANG_WARN_BLOCK_CAPTURE_AUTORELEASING = YES;
				CLANG_WARN_BOOL_CONVERSION = YES;
				CLANG_WARN_COMMA = YES;
				CLANG_WARN_CONSTANT_CONVERSION = YES;
				CLANG_WARN_DEPRECATED_OBJC_IMPLEMENTATIONS = YES;
				CLANG_WARN_DIRECT_OBJC_ISA_USAGE = YES_ERROR;
				CLANG_WARN_DOCUMENTATION_COMMENTS = YES;
				CLANG_WARN_EMPTY_BODY = YES;
				CLANG_WARN_ENUM_CONVERSION = YES;
				CLANG_WARN_INFINITE_RECURSION = YES;
				CLANG_WARN_INT_CONVERSION = YES;
				CLANG_WARN_NON_LITERAL_NULL_CONVERSION = YES;
				CLANG_WARN_OBJC_IMPLICIT_RETAIN_SELF = YES;
				CLANG_WARN_OBJC_LITERAL_CONVERSION = YES;
				CLANG_WARN_OBJC_ROOT_CLASS = YES_ERROR;
				CLANG_WARN_QUOTED_INCLUDE_IN_FRAMEWORK_HEADER = YES;
				CLANG_WARN_RANGE_LOOP_ANALYSIS = YES;
				CLANG_WARN_STRICT_PROTOTYPES = YES;
				CLANG_WARN_SUSPICIOUS_MOVE = YES;
				CLANG_WARN_UNGUARDED_AVAILABILITY = YES_AGGRESSIVE;
				CLANG_WARN_UNREACHABLE_CODE = YES;
				CLANG_WARN__DUPLICATE_METHOD_MATCH = YES;
				COPY_PHASE_STRIP = NO;
				DEBUG_INFORMATION_FORMAT = dwarf;
				ENABLE_STRICT_OBJC_MSGSEND = YES;
				ENABLE_TESTABILITY = YES;
				ENABLE_USER_SCRIPT_SANDBOXING = YES;
				GCC_C_LANGUAGE_STANDARD = gnu17;
				GCC_DYNAMIC_NO_PIC = NO;
				GCC_NO_COMMON_BLOCKS = YES;
				GCC_OPTIMIZATION_LEVEL = 0;
				GCC_PREPROCESSOR_DEFINITIONS = (
					"DEBUG=1",
					"$(inherited)",
				);
				GCC_WARN_64_TO_32_BIT_CONVERSION = YES;
				GCC_WARN_ABOUT_RETURN_TYPE = YES_ERROR;
				GCC_WARN_UNDECLARED_SELECTOR = YES;
				GCC_WARN_UNINITIALIZED_AUTOS = YES_AGGRESSIVE;
				GCC_WARN_UNUSED_FUNCTION = YES;
				GCC_WARN_UNUSED_VARIABLE = YES;
				IPHONEOS_DEPLOYMENT_TARGET = 18.0;
				LOCALIZATION_PREFERS_STRING_CATALOGS = YES;
				MTL_ENABLE_DEBUG_INFO = INCLUDE_SOURCE;
				MTL_FAST_MATH = YES;
				ONLY_ACTIVE_ARCH = YES;
				SDKROOT = iphoneos;
				SWIFT_ACTIVE_COMPILATION_CONDITIONS = "DEBUG $(inherited)";
				SWIFT_EMIT_LOC_STRINGS = YES;
				SWIFT_OPTIMIZATION_LEVEL = "-Onone";
				SWIFT_STRICT_CONCURRENCY = complete;
			};
			name = Debug;
		};
		8C52D4B52CC8B83600AA558C /* Release */ = {
			isa = XCBuildConfiguration;
			buildSettings = {
				ALWAYS_SEARCH_USER_PATHS = NO;
				ASSETCATALOG_COMPILER_GENERATE_SWIFT_ASSET_SYMBOL_EXTENSIONS = YES;
				CLANG_ANALYZER_NONNULL = YES;
				CLANG_ANALYZER_NUMBER_OBJECT_CONVERSION = YES_AGGRESSIVE;
				CLANG_CXX_LANGUAGE_STANDARD = "gnu++20";
				CLANG_ENABLE_MODULES = YES;
				CLANG_ENABLE_OBJC_ARC = YES;
				CLANG_ENABLE_OBJC_WEAK = YES;
				CLANG_WARN_BLOCK_CAPTURE_AUTORELEASING = YES;
				CLANG_WARN_BOOL_CONVERSION = YES;
				CLANG_WARN_COMMA = YES;
				CLANG_WARN_CONSTANT_CONVERSION = YES;
				CLANG_WARN_DEPRECATED_OBJC_IMPLEMENTATIONS = YES;
				CLANG_WARN_DIRECT_OBJC_ISA_USAGE = YES_ERROR;
				CLANG_WARN_DOCUMENTATION_COMMENTS = YES;
				CLANG_WARN_EMPTY_BODY = YES;
				CLANG_WARN_ENUM_CONVERSION = YES;
				CLANG_WARN_INFINITE_RECURSION = YES;
				CLANG_WARN_INT_CONVERSION = YES;
				CLANG_WARN_NON_LITERAL_NULL_CONVERSION = YES;
				CLANG_WARN_OBJC_IMPLICIT_RETAIN_SELF = YES;
				CLANG_WARN_OBJC_LITERAL_CONVERSION = YES;
				CLANG_WARN_OBJC_ROOT_CLASS = YES_ERROR;
				CLANG_WARN_QUOTED_INCLUDE_IN_FRAMEWORK_HEADER = YES;
				CLANG_WARN_RANGE_LOOP_ANALYSIS = YES;
				CLANG_WARN_STRICT_PROTOTYPES = YES;
				CLANG_WARN_SUSPICIOUS_MOVE = YES;
				CLANG_WARN_UNGUARDED_AVAILABILITY = YES_AGGRESSIVE;
				CLANG_WARN_UNREACHABLE_CODE = YES;
				CLANG_WARN__DUPLICATE_METHOD_MATCH = YES;
				COPY_PHASE_STRIP = NO;
				DEBUG_INFORMATION_FORMAT = "dwarf-with-dsym";
				ENABLE_NS_ASSERTIONS = NO;
				ENABLE_STRICT_OBJC_MSGSEND = YES;
				ENABLE_USER_SCRIPT_SANDBOXING = YES;
				GCC_C_LANGUAGE_STANDARD = gnu17;
				GCC_NO_COMMON_BLOCKS = YES;
				GCC_WARN_64_TO_32_BIT_CONVERSION = YES;
				GCC_WARN_ABOUT_RETURN_TYPE = YES_ERROR;
				GCC_WARN_UNDECLARED_SELECTOR = YES;
				GCC_WARN_UNINITIALIZED_AUTOS = YES_AGGRESSIVE;
				GCC_WARN_UNUSED_FUNCTION = YES;
				GCC_WARN_UNUSED_VARIABLE = YES;
				IPHONEOS_DEPLOYMENT_TARGET = 18.0;
				LOCALIZATION_PREFERS_STRING_CATALOGS = YES;
				MTL_ENABLE_DEBUG_INFO = NO;
				MTL_FAST_MATH = YES;
				SDKROOT = iphoneos;
				SWIFT_COMPILATION_MODE = wholemodule;
				SWIFT_EMIT_LOC_STRINGS = YES;
				SWIFT_STRICT_CONCURRENCY = complete;
				VALIDATE_PRODUCT = YES;
			};
			name = Release;
		};
		8C52D4B72CC8B83600AA558C /* Debug */ = {
			isa = XCBuildConfiguration;
			buildSettings = {
				ASSETCATALOG_COMPILER_APPICON_NAME = AppIcon;
				ASSETCATALOG_COMPILER_GLOBAL_ACCENT_COLOR_NAME = AccentColor;
				CODE_SIGN_STYLE = Automatic;
				CURRENT_PROJECT_VERSION = 1;
				DEVELOPMENT_ASSET_PATHS = "\"WeatherApi/Preview Content\"";
				DEVELOPMENT_TEAM = 2W2GK9ZGZC;
				ENABLE_PREVIEWS = YES;
				GENERATE_INFOPLIST_FILE = YES;
				INFOPLIST_KEY_NSLocationAlwaysUsageDescription = "WeatherApi would like to access your location so that it can get your local weather";
				INFOPLIST_KEY_NSLocationWhenInUseUsageDescription = "WeatherApi would like to access your location so that it can get your local weather";
				INFOPLIST_KEY_UIApplicationSceneManifest_Generation = YES;
				INFOPLIST_KEY_UIApplicationSupportsIndirectInputEvents = YES;
				INFOPLIST_KEY_UILaunchScreen_Generation = YES;
				INFOPLIST_KEY_UISupportedInterfaceOrientations = "UIInterfaceOrientationPortrait UIInterfaceOrientationPortraitUpsideDown";
				INFOPLIST_KEY_UISupportedInterfaceOrientations_iPad = "UIInterfaceOrientationLandscapeLeft UIInterfaceOrientationLandscapeRight UIInterfaceOrientationPortrait UIInterfaceOrientationPortraitUpsideDown";
				IPHONEOS_DEPLOYMENT_TARGET = 17.6;
				LD_RUNPATH_SEARCH_PATHS = (
					"$(inherited)",
					"@executable_path/Frameworks",
				);
				MARKETING_VERSION = 1.0;
				PRODUCT_BUNDLE_IDENTIFIER = com.OleavittApps.WeatherApi;
				PRODUCT_NAME = "$(TARGET_NAME)";
				SWIFT_EMIT_LOC_STRINGS = YES;
				SWIFT_VERSION = 5.0;
				TARGETED_DEVICE_FAMILY = "1,2";
			};
			name = Debug;
		};
		8C52D4B82CC8B83600AA558C /* Release */ = {
			isa = XCBuildConfiguration;
			buildSettings = {
				ASSETCATALOG_COMPILER_APPICON_NAME = AppIcon;
				ASSETCATALOG_COMPILER_GLOBAL_ACCENT_COLOR_NAME = AccentColor;
				CODE_SIGN_STYLE = Automatic;
				CURRENT_PROJECT_VERSION = 1;
				DEVELOPMENT_ASSET_PATHS = "\"WeatherApi/Preview Content\"";
				DEVELOPMENT_TEAM = 2W2GK9ZGZC;
				ENABLE_PREVIEWS = YES;
				GENERATE_INFOPLIST_FILE = YES;
				INFOPLIST_KEY_NSLocationAlwaysUsageDescription = "WeatherApi would like to access your location so that it can get your local weather";
				INFOPLIST_KEY_NSLocationWhenInUseUsageDescription = "WeatherApi would like to access your location so that it can get your local weather";
				INFOPLIST_KEY_UIApplicationSceneManifest_Generation = YES;
				INFOPLIST_KEY_UIApplicationSupportsIndirectInputEvents = YES;
				INFOPLIST_KEY_UILaunchScreen_Generation = YES;
				INFOPLIST_KEY_UISupportedInterfaceOrientations = "UIInterfaceOrientationPortrait UIInterfaceOrientationPortraitUpsideDown";
				INFOPLIST_KEY_UISupportedInterfaceOrientations_iPad = "UIInterfaceOrientationLandscapeLeft UIInterfaceOrientationLandscapeRight UIInterfaceOrientationPortrait UIInterfaceOrientationPortraitUpsideDown";
				IPHONEOS_DEPLOYMENT_TARGET = 17.6;
				LD_RUNPATH_SEARCH_PATHS = (
					"$(inherited)",
					"@executable_path/Frameworks",
				);
				MARKETING_VERSION = 1.0;
				PRODUCT_BUNDLE_IDENTIFIER = com.OleavittApps.WeatherApi;
				PRODUCT_NAME = "$(TARGET_NAME)";
				SWIFT_EMIT_LOC_STRINGS = YES;
				SWIFT_VERSION = 5.0;
				TARGETED_DEVICE_FAMILY = "1,2";
			};
			name = Release;
		};
		8C52D4BA2CC8B83600AA558C /* Debug */ = {
			isa = XCBuildConfiguration;
			buildSettings = {
				BUNDLE_LOADER = "$(TEST_HOST)";
				CODE_SIGN_STYLE = Automatic;
				CURRENT_PROJECT_VERSION = 1;
				DEVELOPMENT_TEAM = 2W2GK9ZGZC;
				GENERATE_INFOPLIST_FILE = YES;
				IPHONEOS_DEPLOYMENT_TARGET = 17.6;
				MARKETING_VERSION = 1.0;
				PRODUCT_BUNDLE_IDENTIFIER = com.OleavittApps.WeatherApiTests;
				PRODUCT_NAME = "$(TARGET_NAME)";
				SWIFT_EMIT_LOC_STRINGS = NO;
				SWIFT_VERSION = 5.0;
				TARGETED_DEVICE_FAMILY = "1,2";
				TEST_HOST = "$(BUILT_PRODUCTS_DIR)/WeatherApi.app/$(BUNDLE_EXECUTABLE_FOLDER_PATH)/WeatherApi";
			};
			name = Debug;
		};
		8C52D4BB2CC8B83600AA558C /* Release */ = {
			isa = XCBuildConfiguration;
			buildSettings = {
				BUNDLE_LOADER = "$(TEST_HOST)";
				CODE_SIGN_STYLE = Automatic;
				CURRENT_PROJECT_VERSION = 1;
				DEVELOPMENT_TEAM = 2W2GK9ZGZC;
				GENERATE_INFOPLIST_FILE = YES;
				IPHONEOS_DEPLOYMENT_TARGET = 17.6;
				MARKETING_VERSION = 1.0;
				PRODUCT_BUNDLE_IDENTIFIER = com.OleavittApps.WeatherApiTests;
				PRODUCT_NAME = "$(TARGET_NAME)";
				SWIFT_EMIT_LOC_STRINGS = NO;
				SWIFT_VERSION = 5.0;
				TARGETED_DEVICE_FAMILY = "1,2";
				TEST_HOST = "$(BUILT_PRODUCTS_DIR)/WeatherApi.app/$(BUNDLE_EXECUTABLE_FOLDER_PATH)/WeatherApi";
			};
			name = Release;
		};
		8C52D4BD2CC8B83600AA558C /* Debug */ = {
			isa = XCBuildConfiguration;
			buildSettings = {
				CODE_SIGN_STYLE = Automatic;
				CURRENT_PROJECT_VERSION = 1;
				DEVELOPMENT_TEAM = 2W2GK9ZGZC;
				GENERATE_INFOPLIST_FILE = YES;
				IPHONEOS_DEPLOYMENT_TARGET = 17.6;
				MARKETING_VERSION = 1.0;
				PRODUCT_BUNDLE_IDENTIFIER = com.OleavittApps.WeatherApiUITests;
				PRODUCT_NAME = "$(TARGET_NAME)";
				SWIFT_EMIT_LOC_STRINGS = NO;
				SWIFT_VERSION = 5.0;
				TARGETED_DEVICE_FAMILY = "1,2";
				TEST_TARGET_NAME = WeatherApi;
			};
			name = Debug;
		};
		8C52D4BE2CC8B83600AA558C /* Release */ = {
			isa = XCBuildConfiguration;
			buildSettings = {
				CODE_SIGN_STYLE = Automatic;
				CURRENT_PROJECT_VERSION = 1;
				DEVELOPMENT_TEAM = 2W2GK9ZGZC;
				GENERATE_INFOPLIST_FILE = YES;
				IPHONEOS_DEPLOYMENT_TARGET = 17.6;
				MARKETING_VERSION = 1.0;
				PRODUCT_BUNDLE_IDENTIFIER = com.OleavittApps.WeatherApiUITests;
				PRODUCT_NAME = "$(TARGET_NAME)";
				SWIFT_EMIT_LOC_STRINGS = NO;
				SWIFT_VERSION = 5.0;
				TARGETED_DEVICE_FAMILY = "1,2";
				TEST_TARGET_NAME = WeatherApi;
			};
			name = Release;
		};
/* End XCBuildConfiguration section */

/* Begin XCConfigurationList section */
		8C52D48D2CC8B83400AA558C /* Build configuration list for PBXProject "WeatherApi" */ = {
			isa = XCConfigurationList;
			buildConfigurations = (
				8C52D4B42CC8B83600AA558C /* Debug */,
				8C52D4B52CC8B83600AA558C /* Release */,
			);
			defaultConfigurationIsVisible = 0;
			defaultConfigurationName = Release;
		};
		8C52D4B62CC8B83600AA558C /* Build configuration list for PBXNativeTarget "WeatherApi" */ = {
			isa = XCConfigurationList;
			buildConfigurations = (
				8C52D4B72CC8B83600AA558C /* Debug */,
				8C52D4B82CC8B83600AA558C /* Release */,
			);
			defaultConfigurationIsVisible = 0;
			defaultConfigurationName = Release;
		};
		8C52D4B92CC8B83600AA558C /* Build configuration list for PBXNativeTarget "WeatherApiTests" */ = {
			isa = XCConfigurationList;
			buildConfigurations = (
				8C52D4BA2CC8B83600AA558C /* Debug */,
				8C52D4BB2CC8B83600AA558C /* Release */,
			);
			defaultConfigurationIsVisible = 0;
			defaultConfigurationName = Release;
		};
		8C52D4BC2CC8B83600AA558C /* Build configuration list for PBXNativeTarget "WeatherApiUITests" */ = {
			isa = XCConfigurationList;
			buildConfigurations = (
				8C52D4BD2CC8B83600AA558C /* Debug */,
				8C52D4BE2CC8B83600AA558C /* Release */,
			);
			defaultConfigurationIsVisible = 0;
			defaultConfigurationName = Release;
		};
/* End XCConfigurationList section */
	};
	rootObject = 8C52D48A2CC8B83400AA558C /* Project object */;
}
